
Microsoft Visual Studio Solution File, Format Version 12.00
# Visual Studio Version 17
VisualStudioVersion = 17.13.35913.81 d17.13
MinimumVisualStudioVersion = 10.0.40219.1
Project("{FAE04EC0-301F-11D3-BF4B-00C04F79EFBC}") = "Puzzle", "Puzzle\Puzzle.csproj", "{0EDC7927-8CCD-4E45-A013-DB923E170754}"
EndProject
Global
	GlobalSection(SolutionConfigurationPlatforms) = preSolution
		Debug|Any CPU = Debug|Any CPU
		Release|Any CPU = Release|Any CPU
	EndGlobalSection
	GlobalSection(ProjectConfigurationPlatforms) = postSolution
		{0EDC7927-8CCD-4E45-A013-DB923E170754}.Debug|Any CPU.ActiveCfg = Debug|Any CPU
		{0EDC7927-8CCD-4E45-A013-DB923E170754}.Debug|Any CPU.Build.0 = Debug|Any CPU
		{0EDC7927-8CCD-4E45-A013-DB923E170754}.Release|Any CPU.ActiveCfg = Release|Any CPU
		{0EDC7927-8CCD-4E45-A013-DB923E170754}.Release|Any CPU.Build.0 = Release|Any CPU
	EndGlobalSection
	GlobalSection(SolutionProperties) = preSolution
		HideSolutionNode = FALSE
	EndGlobalSection
	GlobalSection(ExtensibilityGlobals) = postSolution
		SolutionGuid = {BA72F2F0-D67F-4921-ADDC-C7B60BD9FAFE}
	EndGlobalSection
EndGlobal
